
Microsoft Visual Studio Solution File, Format Version 12.00
# Visual Studio Version 17
VisualStudioVersion = 17.3.32825.248
MinimumVisualStudioVersion = 10.0.40219.1
Project("{FAE04EC0-301F-11D3-BF4B-00C04F79EFBC}") = "WindowsFormsApp1", "WindowsFormsApp1\WindowsFormsApp1.csproj", "{737ACBC1-5B64-490A-9734-A10462EE5786}"
EndProject
Global
	GlobalSection(SolutionConfigurationPlatforms) = preSolution
		Debug|Any CPU = Debug|Any CPU
		Release|Any CPU = Release|Any CPU
	EndGlobalSection
	GlobalSection(ProjectConfigurationPlatforms) = postSolution
		{737ACBC1-5B64-490A-9734-A10462EE5786}.Debug|Any CPU.ActiveCfg = Debug|Any CPU
		{737ACBC1-5B64-490A-9734-A10462EE5786}.Debug|Any CPU.Build.0 = Debug|Any CPU
		{737ACBC1-5B64-490A-9734-A10462EE5786}.Release|Any CPU.ActiveCfg = Release|Any CPU
		{737ACBC1-5B64-490A-9734-A10462EE5786}.Release|Any CPU.Build.0 = Release|Any CPU
	EndGlobalSection
	GlobalSection(SolutionProperties) = preSolution
		HideSolutionNode = FALSE
	EndGlobalSection
	GlobalSection(ExtensibilityGlobals) = postSolution
		SolutionGuid = {1F108CA8-79AD-4AB0-B21A-C51C70AB974D}
	EndGlobalSection
EndGlobal
